<?xml version="1.0" encoding="utf-8"?>
<Project ToolsVersion="4.0" xmlns="http://schemas.microsoft.com/developer/msbuild/2003">
  <ItemGroup>
    <Filter Include="Fichiers sources">
      <UniqueIdentifier>{4FC737F1-C7A5-4376-A066-2A32D752A2FF}</UniqueIdentifier>
      <Extensions>cpp;c;cc;cxx;def;odl;idl;hpj;bat;asm;asmx</Extensions>
    </Filter>
    <Filter Include="Fichiers d%27en-tête">
      <UniqueIdentifier>{93995380-89BD-4b04-88EB-625FBE52EBFB}</UniqueIdentifier>
      <Extensions>h;hh;hpp;hxx;hm;inl;inc;ipp;xsd</Extensions>
    </Filter>
    <Filter Include="Fichiers de ressources">
      <UniqueIdentifier>{67DA6AB6-F800-4c08-8B7A-83BB121AAD01}</UniqueIdentifier>
      <Extensions>rc;ico;cur;bmp;dlg;rc2;rct;bin;rgs;gif;jpg;jpeg;jpe;resx;tiff;tif;png;wav;mfcribbon-ms</Extensions>
    </Filter>
    <Filter Include="Fichiers d%27en-tête\AStar">
      <UniqueIdentifier>{b9632d0a-a969-41f5-9a6d-70d692038c7e}</UniqueIdentifier>
    </Filter>
    <Filter Include="Fichiers sources\AStar">
      <UniqueIdentifier>{2e772fec-485e-4cd8-9db7-15c2deae8857}</UniqueIdentifier>
    </Filter>
    <Filter Include="Fichiers d%27en-tête\Arete">
      <UniqueIdentifier>{6ccbc321-7b6f-49bd-9cf5-78b70b4b2ed2}</UniqueIdentifier>
    </Filter>
    <Filter Include="Fichiers d%27en-tête\Sommet">
      <UniqueIdentifier>{99624e09-ff81-4efe-83a6-fa06809aef03}</UniqueIdentifier>
    </Filter>
    <Filter Include="Fichiers d%27en-tête\Outils">
      <UniqueIdentifier>{ae4e447c-d92a-4121-8f48-a57b90c3447a}</UniqueIdentifier>
    </Filter>
    <Filter Include="Fichiers sources\Outils">
      <UniqueIdentifier>{27710138-3aca-4760-ae8c-33c41ca5a523}</UniqueIdentifier>
    </Filter>
    <Filter Include="Fichiers d%27en-tête\Element">
      <UniqueIdentifier>{790283b1-f993-4bf8-87fa-2af92b26a501}</UniqueIdentifier>
    </Filter>
    <Filter Include="Fichiers d%27en-tête\Erreur">
      <UniqueIdentifier>{91fe0d3f-2274-43ce-a3ae-104196a51f8f}</UniqueIdentifier>
    </Filter>
    <Filter Include="Fichiers d%27en-tête\Graphe">
      <UniqueIdentifier>{98f7867a-ccdb-4042-a459-703efce8852e}</UniqueIdentifier>
    </Filter>
    <Filter Include="Fichiers d%27en-tête\Math">
      <UniqueIdentifier>{a622069b-d919-4e96-9401-200cdd0e1a15}</UniqueIdentifier>
    </Filter>
  </ItemGroup>
  <ItemGroup>
    <ClInclude Include="AStar\AStarT.h">
      <Filter>Fichiers d%27en-tête\AStar</Filter>
    </ClInclude>
    <ClInclude Include="AStar\InfoAStar.h">
      <Filter>Fichiers d%27en-tête\AStar</Filter>
    </ClInclude>
    <ClInclude Include="Arete\InfoArete.h">
      <Filter>Fichiers d%27en-tête\Arete</Filter>
    </ClInclude>
    <ClInclude Include="Arete\Arete.h">
      <Filter>Fichiers d%27en-tête\Arete</Filter>
    </ClInclude>
    <ClInclude Include="Element\GElement.h">
      <Filter>Fichiers d%27en-tête\Element</Filter>
    </ClInclude>
    <ClInclude Include="Element\PElement.h">
      <Filter>Fichiers d%27en-tête\Element</Filter>
    </ClInclude>
    <ClInclude Include="Element\AElement.h">
      <Filter>Fichiers d%27en-tête\Element</Filter>
    </ClInclude>
    <ClInclude Include="Erreur\Erreur.h">
      <Filter>Fichiers d%27en-tête\Erreur</Filter>
    </ClInclude>
    <ClInclude Include="Graphe\InfosGrapheDessin.h">
      <Filter>Fichiers d%27en-tête\Graphe</Filter>
    </ClInclude>
    <ClInclude Include="Graphe\Graphe.h">
      <Filter>Fichiers d%27en-tête\Graphe</Filter>
    </ClInclude>
    <ClInclude Include="Math\Vecteurs2D.h">
      <Filter>Fichiers d%27en-tête\Math</Filter>
    </ClInclude>
    <ClInclude Include="Math\Reel.h">
      <Filter>Fichiers d%27en-tête\Math</Filter>
    </ClInclude>
    <ClInclude Include="Outils\Outils.h">
      <Filter>Fichiers d%27en-tête\Outils</Filter>
    </ClInclude>
    <ClInclude Include="Outils\OutilsCarte.h">
      <Filter>Fichiers d%27en-tête\Outils</Filter>
    </ClInclude>
    <ClInclude Include="Outils\AlgebreLineaire.h">
      <Filter>Fichiers d%27en-tête\Outils</Filter>
    </ClInclude>
    <ClInclude Include="Sommet\Sommet.h">
      <Filter>Fichiers d%27en-tête\Sommet</Filter>
    </ClInclude>
    <ClInclude Include="Sommet\InfoSommet.h">
      <Filter>Fichiers d%27en-tête\Sommet</Filter>
    </ClInclude>
  </ItemGroup>
  <ItemGroup>
    <ClCompile Include="AStar\InfoAStar.cpp">
      <Filter>Fichiers sources\AStar</Filter>
    </ClCompile>
    <ClCompile Include="Outils\OutilsCarte.cpp">
      <Filter>Fichiers sources\Outils</Filter>
    </ClCompile>
  </ItemGroup>
</Project>